
Microsoft Visual Studio Solution File, Format Version 12.00
# Visual Studio Version 16
VisualStudioVersion = 16.0.31402.337
MinimumVisualStudioVersion = 10.0.40219.1
Project("{FAE04EC0-301F-11D3-BF4B-00C04F79EFBC}") = "SharePointAddIn1", "SharePointAddIn1\SharePointAddIn1.csproj", "{80A2D704-E646-41A1-86C7-B6EEF0C81CF0}"
EndProject
Project("{FAE04EC0-301F-11D3-BF4B-00C04F79EFBC}") = "SharePointAddIn1Web2", "SharePointAddIn1Web2\SharePointAddIn1Web2.csproj", "{D9B6A655-B070-417F-8C5C-33FEFD4FB34D}"
EndProject
Global
	GlobalSection(SolutionConfigurationPlatforms) = preSolution
		Debug|Any CPU = Debug|Any CPU
		Release|Any CPU = Release|Any CPU
	EndGlobalSection
	GlobalSection(ProjectConfigurationPlatforms) = postSolution
		{80A2D704-E646-41A1-86C7-B6EEF0C81CF0}.Debug|Any CPU.ActiveCfg = Debug|Any CPU
		{80A2D704-E646-41A1-86C7-B6EEF0C81CF0}.Debug|Any CPU.Build.0 = Debug|Any CPU
		{80A2D704-E646-41A1-86C7-B6EEF0C81CF0}.Debug|Any CPU.Deploy.0 = Debug|Any CPU
		{80A2D704-E646-41A1-86C7-B6EEF0C81CF0}.Release|Any CPU.ActiveCfg = Release|Any CPU
		{80A2D704-E646-41A1-86C7-B6EEF0C81CF0}.Release|Any CPU.Build.0 = Release|Any CPU
		{80A2D704-E646-41A1-86C7-B6EEF0C81CF0}.Release|Any CPU.Deploy.0 = Release|Any CPU
		{D9B6A655-B070-417F-8C5C-33FEFD4FB34D}.Debug|Any CPU.ActiveCfg = Debug|Any CPU
		{D9B6A655-B070-417F-8C5C-33FEFD4FB34D}.Debug|Any CPU.Build.0 = Debug|Any CPU
		{D9B6A655-B070-417F-8C5C-33FEFD4FB34D}.Release|Any CPU.ActiveCfg = Release|Any CPU
		{D9B6A655-B070-417F-8C5C-33FEFD4FB34D}.Release|Any CPU.Build.0 = Release|Any CPU
	EndGlobalSection
	GlobalSection(SolutionProperties) = preSolution
		HideSolutionNode = FALSE
	EndGlobalSection
	GlobalSection(ExtensibilityGlobals) = postSolution
		SolutionGuid = {27AAD36C-3926-4989-83A9-CE2BE595A040}
	EndGlobalSection
EndGlobal
